
Microsoft Visual Studio Solution File, Format Version 12.00
# Visual Studio Version 17
VisualStudioVersion = 17.0.31912.275
MinimumVisualStudioVersion = 10.0.40219.1
Project("{9A19103F-16F7-4668-BE54-9A1E7A4F7556}") = "GenerateurCeinture.Server", "Server\GenerateurCeinture.Server.csproj", "{8A3B50CC-E0E8-4A1C-AE32-F2F491EC67E4}"
EndProject
Project("{9A19103F-16F7-4668-BE54-9A1E7A4F7556}") = "GenerateurCeinture.Client", "Client\GenerateurCeinture.Client.csproj", "{327771AB-5F16-4F7E-B4F6-506D592F9BFA}"
EndProject
Project("{9A19103F-16F7-4668-BE54-9A1E7A4F7556}") = "GenerateurCeinture.Shared", "Shared\GenerateurCeinture.Shared.csproj", "{2715081D-DD4B-461A-BC59-68409D8668AE}"
EndProject
Project("{2150E333-8FDC-42A3-9474-1A3956D46DE8}") = "Solution Items", "Solution Items", "{9D002E60-6794-46DF-8BAF-4741F9973BE5}"
	ProjectSection(SolutionItems) = preProject
		.editorconfig = .editorconfig
		.gitignore = .gitignore
		.github\workflows\GenerateurCeintureServer.yml = .github\workflows\GenerateurCeintureServer.yml
		README.md = README.md
	EndProjectSection
EndProject
Global
	GlobalSection(SolutionConfigurationPlatforms) = preSolution
		Debug|Any CPU = Debug|Any CPU
		Release|Any CPU = Release|Any CPU
	EndGlobalSection
	GlobalSection(ProjectConfigurationPlatforms) = postSolution
		{8A3B50CC-E0E8-4A1C-AE32-F2F491EC67E4}.Debug|Any CPU.ActiveCfg = Debug|Any CPU
		{8A3B50CC-E0E8-4A1C-AE32-F2F491EC67E4}.Debug|Any CPU.Build.0 = Debug|Any CPU
		{8A3B50CC-E0E8-4A1C-AE32-F2F491EC67E4}.Release|Any CPU.ActiveCfg = Release|Any CPU
		{8A3B50CC-E0E8-4A1C-AE32-F2F491EC67E4}.Release|Any CPU.Build.0 = Release|Any CPU
		{327771AB-5F16-4F7E-B4F6-506D592F9BFA}.Debug|Any CPU.ActiveCfg = Debug|Any CPU
		{327771AB-5F16-4F7E-B4F6-506D592F9BFA}.Debug|Any CPU.Build.0 = Debug|Any CPU
		{327771AB-5F16-4F7E-B4F6-506D592F9BFA}.Release|Any CPU.ActiveCfg = Release|Any CPU
		{327771AB-5F16-4F7E-B4F6-506D592F9BFA}.Release|Any CPU.Build.0 = Release|Any CPU
		{2715081D-DD4B-461A-BC59-68409D8668AE}.Debug|Any CPU.ActiveCfg = Debug|Any CPU
		{2715081D-DD4B-461A-BC59-68409D8668AE}.Debug|Any CPU.Build.0 = Debug|Any CPU
		{2715081D-DD4B-461A-BC59-68409D8668AE}.Release|Any CPU.ActiveCfg = Release|Any CPU
		{2715081D-DD4B-461A-BC59-68409D8668AE}.Release|Any CPU.Build.0 = Release|Any CPU
	EndGlobalSection
	GlobalSection(SolutionProperties) = preSolution
		HideSolutionNode = FALSE
	EndGlobalSection
	GlobalSection(ExtensibilityGlobals) = postSolution
		SolutionGuid = {C3185E25-B12F-4CAD-8871-7FCBADA0F926}
	EndGlobalSection
EndGlobal
